
Microsoft Visual Studio Solution File, Format Version 12.00
# Visual Studio Version 17
VisualStudioVersion = 17.0.31521.260
MinimumVisualStudioVersion = 10.0.40219.1
Project("{FAE04EC0-301F-11D3-BF4B-00C04F79EFBC}") = "Responsivity", "Responsivity\Responsivity.csproj", "{69B83569-3204-4973-8593-95166AE799B8}"
EndProject
Global
	GlobalSection(SolutionConfigurationPlatforms) = preSolution
		Debug|Any CPU = Debug|Any CPU
		Release|Any CPU = Release|Any CPU
	EndGlobalSection
	GlobalSection(ProjectConfigurationPlatforms) = postSolution
		{69B83569-3204-4973-8593-95166AE799B8}.Debug|Any CPU.ActiveCfg = Debug|Any CPU
		{69B83569-3204-4973-8593-95166AE799B8}.Debug|Any CPU.Build.0 = Debug|Any CPU
		{69B83569-3204-4973-8593-95166AE799B8}.Release|Any CPU.ActiveCfg = Release|Any CPU
		{69B83569-3204-4973-8593-95166AE799B8}.Release|Any CPU.Build.0 = Release|Any CPU
	EndGlobalSection
	GlobalSection(SolutionProperties) = preSolution
		HideSolutionNode = FALSE
	EndGlobalSection
	GlobalSection(ExtensibilityGlobals) = postSolution
		SolutionGuid = {F8BF88B5-AE20-44BB-8E3F-1BC8F2B03752}
	EndGlobalSection
EndGlobal
